github.com/klauspost/compress v1.17.9 h1:6KIumPrER1LHsvBVuDa0r5xaG0Es51mhhB9BQB2qeMA=
github.com/klauspost/compress v1.17.9/go.mod h1:Di0epgTjJY877eYKx5yC51cX2A2Vl2ibi7bDH9ttBbw=
github.com/lxzan/gws v1.10.1 h1:1xG+tDOV0lgDeVPf0wNT74u3cn0K3LpcavRrTPTrMwQ=
github.com/lxzan/gws v1.10.1/go.mod h1:gXHSCPmTGryWJ4icuqy8Yho32E4YIMHH0fkDRYJRbdc=
