github.com/allegro/bigcache/v3 v3.2.0 h1:B45F9x3iaoBlhzIA+0jqxlThTUoyg+mOk7HUKSbJOL8=
github.com/allegro/bigcache/v3 v3.2.0/go.mod h1:qvxNn6cSKfWRmfDuPJbZcfxsQXEtoskUqPzT0kuHG5s=
github.com/cespare/xxhash/v2 v2.1.2 h1:YRXhKfTDauu4ajMg1TPgFO5jnlC2HCbmLXMcTG5cbYE=
github.com/cespare/xxhash/v2 v2.1.2/go.mod h1:VGX0DQ3Q6kWi7AoAeZDth3/j3BFtOZR5XLFGgcrjCOs=
github.com/coocood/freecache v1.2.7 h1:IDP0x1Yg8sgRmsSWzFyhaB+amYJpKS7v5QIXNHxXvM8=
github.com/coocood/freecache v1.2.7/go.mod h1:+Ga2+A5/0D6MMistGuoeKZaZucAGZ56u+fYKiY+xqNA=
github.com/patrickmn/go-cache v2.1.0+incompatible h1:HRMgzkcYKYpi3C8ajMPV8OFXaaRUnok+kx1WdO15EQc=
github.com/patrickmn/go-cache v2.1.0+incompatible/go.mod h1:3Qf8kWWT7OJRJbdiICTKqZju1ZixQ/KpMGzzAfe6+WQ=
